// !$*UTF8*$!
{
	archiveVersion = 1;
	classes = {
	};
	objectVersion = 50;
	objects = {

/* Begin PBXBuildFile section */
		0E727345214892C800C5B5DE /* main.cpp in Sources */ = {isa = PBXBuildFile; fileRef = 0E727344214892C800C5B5DE /* main.cpp */; };
		0E7273532148949300C5B5DE /* AACEncoder.cpp in Sources */ = {isa = PBXBuildFile; fileRef = 0E7273512148949300C5B5DE /* AACEncoder.cpp */; };
		0E727356214895DD00C5B5DE /* AudioToolbox.framework in Frameworks */ = {isa = PBXBuildFile; fileRef = 0E727355214895DD00C5B5DE /* AudioToolbox.framework */; };
		0E72735A214899D100C5B5DE /* CoreFoundation.framework in Frameworks */ = {isa = PBXBuildFile; fileRef = 0E727359214899D100C5B5DE /* CoreFoundation.framework */; };
		0E7273642148AEB400C5B5DE /* TPCircularBuffer.c in Sources */ = {isa = PBXBuildFile; fileRef = 0E7273612148AEA900C5B5DE /* TPCircularBuffer.c */; };
/* End PBXBuildFile section */

/* Begin PBXCopyFilesBuildPhase section */
		0E72733F214892C800C5B5DE /* CopyFiles */ = {
			isa = PBXCopyFilesBuildPhase;
			buildActionMask = 2147483647;
			dstPath = /usr/share/man/man1/;
			dstSubfolderSpec = 0;
			files = (
			);
			runOnlyForDeploymentPostprocessing = 1;
		};
/* End PBXCopyFilesBuildPhase section */

/* Begin PBXFileReference section */
		0E727341214892C800C5B5DE /* AACEncoder */ = {isa = PBXFileReference; explicitFileType = "compiled.mach-o.executable"; includeInIndex = 0; path = AACEncoder; sourceTree = BUILT_PRODUCTS_DIR; };
		0E727344214892C800C5B5DE /* main.cpp */ = {isa = PBXFileReference; lastKnownFileType = sourcecode.cpp.cpp; path = main.cpp; sourceTree = "<group>"; };
		0E7273512148949300C5B5DE /* AACEncoder.cpp */ = {isa = PBXFileReference; lastKnownFileType = sourcecode.cpp.cpp; path = AACEncoder.cpp; sourceTree = "<group>"; };
		0E7273522148949300C5B5DE /* AACEncoder.hpp */ = {isa = PBXFileReference; lastKnownFileType = sourcecode.cpp.h; path = AACEncoder.hpp; sourceTree = "<group>"; };
		0E727355214895DD00C5B5DE /* AudioToolbox.framework */ = {isa = PBXFileReference; lastKnownFileType = wrapper.framework; name = AudioToolbox.framework; path = System/Library/Frameworks/AudioToolbox.framework; sourceTree = SDKROOT; };
		0E7273582148999C00C5B5DE /* AACEncoder.entitlements */ = {isa = PBXFileReference; lastKnownFileType = text.plist.entitlements; path = AACEncoder.entitlements; sourceTree = SOURCE_ROOT; };
		0E727359214899D100C5B5DE /* CoreFoundation.framework */ = {isa = PBXFileReference; lastKnownFileType = wrapper.framework; name = CoreFoundation.framework; path = System/Library/Frameworks/CoreFoundation.framework; sourceTree = SDKROOT; };
		0E72735E2148AEA900C5B5DE /* README.markdown */ = {isa = PBXFileReference; lastKnownFileType = net.daringfireball.markdown; path = README.markdown; sourceTree = "<group>"; };
		0E72735F2148AEA900C5B5DE /* TPCircularBuffer+AudioBufferList.c */ = {isa = PBXFileReference; lastKnownFileType = sourcecode.c.c; path = "TPCircularBuffer+AudioBufferList.c"; sourceTree = "<group>"; };
		0E7273602148AEA900C5B5DE /* TPCircularBuffer+AudioBufferList.h */ = {isa = PBXFileReference; lastKnownFileType = sourcecode.c.h; path = "TPCircularBuffer+AudioBufferList.h"; sourceTree = "<group>"; };
		0E7273612148AEA900C5B5DE /* TPCircularBuffer.c */ = {isa = PBXFileReference; lastKnownFileType = sourcecode.c.c; path = TPCircularBuffer.c; sourceTree = "<group>"; };
		0E7273622148AEA900C5B5DE /* TPCircularBuffer.h */ = {isa = PBXFileReference; lastKnownFileType = sourcecode.c.h; path = TPCircularBuffer.h; sourceTree = "<group>"; };
		0E7273632148AEA900C5B5DE /* TPCircularBuffer.podspec */ = {isa = PBXFileReference; lastKnownFileType = text; path = TPCircularBuffer.podspec; sourceTree = "<group>"; };
/* End PBXFileReference section */

/* Begin PBXFrameworksBuildPhase section */
		0E72733E214892C800C5B5DE /* Frameworks */ = {
			isa = PBXFrameworksBuildPhase;
			buildActionMask = 2147483647;
			files = (
				0E72735A214899D100C5B5DE /* CoreFoundation.framework in Frameworks */,
				0E727356214895DD00C5B5DE /* AudioToolbox.framework in Frameworks */,
			);
			runOnlyForDeploymentPostprocessing = 0;
		};
/* End PBXFrameworksBuildPhase section */

/* Begin PBXGroup section */
		0E727338214892C800C5B5DE = {
			isa = PBXGroup;
			children = (
				0E727343214892C800C5B5DE /* AACEncoder */,
				0E727342214892C800C5B5DE /* Products */,
				0E727354214895DD00C5B5DE /* Frameworks */,
			);
			sourceTree = "<group>";
		};
		0E727342214892C800C5B5DE /* Products */ = {
			isa = PBXGroup;
			children = (
				0E727341214892C800C5B5DE /* AACEncoder */,
			);
			name = Products;
			sourceTree = "<group>";
		};
		0E727343214892C800C5B5DE /* AACEncoder */ = {
			isa = PBXGroup;
			children = (
				0E727344214892C800C5B5DE /* main.cpp */,
				0E7273522148949300C5B5DE /* AACEncoder.hpp */,
				0E7273512148949300C5B5DE /* AACEncoder.cpp */,
				0E7273582148999C00C5B5DE /* AACEncoder.entitlements */,
				0E72735D2148AEA900C5B5DE /* TPCircularBuffer-master */,
			);
			path = AACEncoder;
			sourceTree = "<group>";
		};
		0E727354214895DD00C5B5DE /* Frameworks */ = {
			isa = PBXGroup;
			children = (
				0E727359214899D100C5B5DE /* CoreFoundation.framework */,
				0E727355214895DD00C5B5DE /* AudioToolbox.framework */,
			);
			name = Frameworks;
			sourceTree = "<group>";
		};
		0E72735D2148AEA900C5B5DE /* TPCircularBuffer-master */ = {
			isa = PBXGroup;
			children = (
				0E72735E2148AEA900C5B5DE /* README.markdown */,
				0E72735F2148AEA900C5B5DE /* TPCircularBuffer+AudioBufferList.c */,
				0E7273602148AEA900C5B5DE /* TPCircularBuffer+AudioBufferList.h */,
				0E7273612148AEA900C5B5DE /* TPCircularBuffer.c */,
				0E7273622148AEA900C5B5DE /* TPCircularBuffer.h */,
				0E7273632148AEA900C5B5DE /* TPCircularBuffer.podspec */,
			);
			name = "TPCircularBuffer-master";
			path = "../../AudioMonitor/AudioMonitor/TPCircularBuffer-master";
			sourceTree = "<group>";
		};
/* End PBXGroup section */

/* Begin PBXNativeTarget section */
		0E727340214892C800C5B5DE /* AACEncoder */ = {
			isa = PBXNativeTarget;
			buildConfigurationList = 0E727348214892C800C5B5DE /* Build configuration list for PBXNativeTarget "AACEncoder" */;
			buildPhases = (
				0E72733D214892C800C5B5DE /* Sources */,
				0E72733E214892C800C5B5DE /* Frameworks */,
				0E72733F214892C800C5B5DE /* CopyFiles */,
			);
			buildRules = (
			);
			dependencies = (
			);
			name = AACEncoder;
			productName = AACEncoder;
			productReference = 0E727341214892C800C5B5DE /* AACEncoder */;
			productType = "com.apple.product-type.tool";
		};
/* End PBXNativeTarget section */

/* Begin PBXProject section */
		0E727339214892C800C5B5DE /* Project object */ = {
			isa = PBXProject;
			attributes = {
				LastUpgradeCheck = 0940;
				ORGANIZATIONNAME = "ArkPhone LLC";
				TargetAttributes = {
					0E727340214892C800C5B5DE = {
						CreatedOnToolsVersion = 9.4.1;
					};
				};
			};
			buildConfigurationList = 0E72733C214892C800C5B5DE /* Build configuration list for PBXProject "AACEncoder" */;
			compatibilityVersion = "Xcode 9.3";
			developmentRegion = en;
			hasScannedForEncodings = 0;
			knownRegions = (
				en,
			);
			mainGroup = 0E727338214892C800C5B5DE;
			productRefGroup = 0E727342214892C800C5B5DE /* Products */;
			projectDirPath = "";
			projectRoot = "";
			targets = (
				0E727340214892C800C5B5DE /* AACEncoder */,
			);
		};
/* End PBXProject section */

/* Begin PBXSourcesBuildPhase section */
		0E72733D214892C800C5B5DE /* Sources */ = {
			isa = PBXSourcesBuildPhase;
			buildActionMask = 2147483647;
			files = (
				0E7273642148AEB400C5B5DE /* TPCircularBuffer.c in Sources */,
				0E7273532148949300C5B5DE /* AACEncoder.cpp in Sources */,
				0E727345214892C800C5B5DE /* main.cpp in Sources */,
			);
			runOnlyForDeploymentPostprocessing = 0;
		};
/* End PBXSourcesBuildPhase section */

/* Begin XCBuildConfiguration section */
		0E727346214892C800C5B5DE /* Debug */ = {
			isa = XCBuildConfiguration;
			buildSettings = {
				ALWAYS_SEARCH_USER_PATHS = NO;
				CLANG_ANALYZER_NONNULL = YES;
				CLANG_ANALYZER_NUMBER_OBJECT_CONVERSION = YES_AGGRESSIVE;
				CLANG_CXX_LANGUAGE_STANDARD = "gnu++14";
				CLANG_CXX_LIBRARY = "libc++";
				CLANG_ENABLE_MODULES = YES;
				CLANG_ENABLE_OBJC_ARC = YES;
				CLANG_ENABLE_OBJC_WEAK = YES;
				CLANG_WARN_BLOCK_CAPTURE_AUTORELEASING = YES;
				CLANG_WARN_BOOL_CONVERSION = YES;
				CLANG_WARN_COMMA = YES;
				CLANG_WARN_CONSTANT_CONVERSION = YES;
				CLANG_WARN_DEPRECATED_OBJC_IMPLEMENTATIONS = YES;
				CLANG_WARN_DIRECT_OBJC_ISA_USAGE = YES_ERROR;
				CLANG_WARN_DOCUMENTATION_COMMENTS = YES;
				CLANG_WARN_EMPTY_BODY = YES;
				CLANG_WARN_ENUM_CONVERSION = YES;
				CLANG_WARN_INFINITE_RECURSION = YES;
				CLANG_WARN_INT_CONVERSION = YES;
				CLANG_WARN_NON_LITERAL_NULL_CONVERSION = YES;
				CLANG_WARN_OBJC_IMPLICIT_RETAIN_SELF = YES;
				CLANG_WARN_OBJC_LITERAL_CONVERSION = YES;
				CLANG_WARN_OBJC_ROOT_CLASS = YES_ERROR;
				CLANG_WARN_RANGE_LOOP_ANALYSIS = YES;
				CLANG_WARN_STRICT_PROTOTYPES = YES;
				CLANG_WARN_SUSPICIOUS_MOVE = YES;
				CLANG_WARN_UNGUARDED_AVAILABILITY = YES_AGGRESSIVE;
				CLANG_WARN_UNREACHABLE_CODE = YES;
				CLANG_WARN__DUPLICATE_METHOD_MATCH = YES;
				CODE_SIGN_IDENTITY = "Mac Developer";
				COPY_PHASE_STRIP = NO;
				DEBUG_INFORMATION_FORMAT = dwarf;
				ENABLE_STRICT_OBJC_MSGSEND = YES;
				ENABLE_TESTABILITY = YES;
				GCC_C_LANGUAGE_STANDARD = gnu11;
				GCC_DYNAMIC_NO_PIC = NO;
				GCC_NO_COMMON_BLOCKS = YES;
				GCC_OPTIMIZATION_LEVEL = 0;
				GCC_PREPROCESSOR_DEFINITIONS = (
					"DEBUG=1",
					"$(inherited)",
				);
				GCC_WARN_64_TO_32_BIT_CONVERSION = YES;
				GCC_WARN_ABOUT_RETURN_TYPE = YES_ERROR;
				GCC_WARN_UNDECLARED_SELECTOR = YES;
				GCC_WARN_UNINITIALIZED_AUTOS = YES_AGGRESSIVE;
				GCC_WARN_UNUSED_FUNCTION = YES;
				GCC_WARN_UNUSED_VARIABLE = YES;
				MACOSX_DEPLOYMENT_TARGET = 10.13;
				MTL_ENABLE_DEBUG_INFO = YES;
				ONLY_ACTIVE_ARCH = YES;
				SDKROOT = macosx;
			};
			name = Debug;
		};
		0E727347214892C800C5B5DE /* Release */ = {
			isa = XCBuildConfiguration;
			buildSettings = {
				ALWAYS_SEARCH_USER_PATHS = NO;
				CLANG_ANALYZER_NONNULL = YES;
				CLANG_ANALYZER_NUMBER_OBJECT_CONVERSION = YES_AGGRESSIVE;
				CLANG_CXX_LANGUAGE_STANDARD = "gnu++14";
				CLANG_CXX_LIBRARY = "libc++";
				CLANG_ENABLE_MODULES = YES;
				CLANG_ENABLE_OBJC_ARC = YES;
				CLANG_ENABLE_OBJC_WEAK = YES;
				CLANG_WARN_BLOCK_CAPTURE_AUTORELEASING = YES;
				CLANG_WARN_BOOL_CONVERSION = YES;
				CLANG_WARN_COMMA = YES;
				CLANG_WARN_CONSTANT_CONVERSION = YES;
				CLANG_WARN_DEPRECATED_OBJC_IMPLEMENTATIONS = YES;
				CLANG_WARN_DIRECT_OBJC_ISA_USAGE = YES_ERROR;
				CLANG_WARN_DOCUMENTATION_COMMENTS = YES;
				CLANG_WARN_EMPTY_BODY = YES;
				CLANG_WARN_ENUM_CONVERSION = YES;
				CLANG_WARN_INFINITE_RECURSION = YES;
				CLANG_WARN_INT_CONVERSION = YES;
				CLANG_WARN_NON_LITERAL_NULL_CONVERSION = YES;
				CLANG_WARN_OBJC_IMPLICIT_RETAIN_SELF = YES;
				CLANG_WARN_OBJC_LITERAL_CONVERSION = YES;
				CLANG_WARN_OBJC_ROOT_CLASS = YES_ERROR;
				CLANG_WARN_RANGE_LOOP_ANALYSIS = YES;
				CLANG_WARN_STRICT_PROTOTYPES = YES;
				CLANG_WARN_SUSPICIOUS_MOVE = YES;
				CLANG_WARN_UNGUARDED_AVAILABILITY = YES_AGGRESSIVE;
				CLANG_WARN_UNREACHABLE_CODE = YES;
				CLANG_WARN__DUPLICATE_METHOD_MATCH = YES;
				CODE_SIGN_IDENTITY = "Mac Developer";
				COPY_PHASE_STRIP = NO;
				DEBUG_INFORMATION_FORMAT = "dwarf-with-dsym";
				ENABLE_NS_ASSERTIONS = NO;
				ENABLE_STRICT_OBJC_MSGSEND = YES;
				GCC_C_LANGUAGE_STANDARD = gnu11;
				GCC_NO_COMMON_BLOCKS = YES;
				GCC_WARN_64_TO_32_BIT_CONVERSION = YES;
				GCC_WARN_ABOUT_RETURN_TYPE = YES_ERROR;
				GCC_WARN_UNDECLARED_SELECTOR = YES;
				GCC_WARN_UNINITIALIZED_AUTOS = YES_AGGRESSIVE;
				GCC_WARN_UNUSED_FUNCTION = YES;
				GCC_WARN_UNUSED_VARIABLE = YES;
				MACOSX_DEPLOYMENT_TARGET = 10.13;
				MTL_ENABLE_DEBUG_INFO = NO;
				SDKROOT = macosx;
			};
			name = Release;
		};
		0E727349214892C800C5B5DE /* Debug */ = {
			isa = XCBuildConfiguration;
			buildSettings = {
				CODE_SIGN_ENTITLEMENTS = AACEncoder.entitlements;
				CODE_SIGN_IDENTITY = "Developer ID Application";
				CODE_SIGN_STYLE = Manual;
				DEVELOPMENT_TEAM = MMFBWVS455;
				MACOSX_DEPLOYMENT_TARGET = 10.11;
				PRODUCT_NAME = "$(TARGET_NAME)";
				PROVISIONING_PROFILE_SPECIFIER = "";
			};
			name = Debug;
		};
		0E72734A214892C800C5B5DE /* Release */ = {
			isa = XCBuildConfiguration;
			buildSettings = {
				CODE_SIGN_ENTITLEMENTS = AACEncoder.entitlements;
				CODE_SIGN_IDENTITY = "Developer ID Application";
				CODE_SIGN_STYLE = Manual;
				DEVELOPMENT_TEAM = MMFBWVS455;
				MACOSX_DEPLOYMENT_TARGET = 10.11;
				PRODUCT_NAME = "$(TARGET_NAME)";
				PROVISIONING_PROFILE_SPECIFIER = "";
			};
			name = Release;
		};
/* End XCBuildConfiguration section */

/* Begin XCConfigurationList section */
		0E72733C214892C800C5B5DE /* Build configuration list for PBXProject "AACEncoder" */ = {
			isa = XCConfigurationList;
			buildConfigurations = (
				0E727346214892C800C5B5DE /* Debug */,
				0E727347214892C800C5B5DE /* Release */,
			);
			defaultConfigurationIsVisible = 0;
			defaultConfigurationName = Release;
		};
		0E727348214892C800C5B5DE /* Build configuration list for PBXNativeTarget "AACEncoder" */ = {
			isa = XCConfigurationList;
			buildConfigurations = (
				0E727349214892C800C5B5DE /* Debug */,
				0E72734A214892C800C5B5DE /* Release */,
			);
			defaultConfigurationIsVisible = 0;
			defaultConfigurationName = Release;
		};
/* End XCConfigurationList section */
	};
	rootObject = 0E727339214892C800C5B5DE /* Project object */;
}
