// !$*UTF8*$!
{
	archiveVersion = 1;
	classes = {
	};
	objectVersion = 50;
	objects = {

/* Begin PBXFileReference section */
		0EBD6896219D2F7C00D2F9F4 /* .gitignore */ = {isa = PBXFileReference; lastKnownFileType = text; path = .gitignore; sourceTree = "<group>"; };
		0EBD6897219D2F7C00D2F9F4 /* .gitmodules */ = {isa = PBXFileReference; lastKnownFileType = text; path = .gitmodules; sourceTree = "<group>"; };
		0EBD6898219D2F7C00D2F9F4 /* autogen.sh */ = {isa = PBXFileReference; lastKnownFileType = text.script.sh; path = autogen.sh; sourceTree = "<group>"; };
		0EBD6899219D2F7C00D2F9F4 /* configure.ac */ = {isa = PBXFileReference; lastKnownFileType = text; path = configure.ac; sourceTree = "<group>"; };
		0EBD689A219D2F7C00D2F9F4 /* COPYING */ = {isa = PBXFileReference; lastKnownFileType = text; path = COPYING; sourceTree = "<group>"; };
		0EBD689B219D2F7C00D2F9F4 /* doc */ = {isa = PBXFileReference; lastKnownFileType = folder; path = doc; sourceTree = "<group>"; };
		0EBD689C219D2F7C00D2F9F4 /* examples */ = {isa = PBXFileReference; lastKnownFileType = folder; path = examples; sourceTree = "<group>"; };
		0EBD689D219D2F7C00D2F9F4 /* HACKING */ = {isa = PBXFileReference; lastKnownFileType = text; path = HACKING; sourceTree = "<group>"; };
		0EBD689E219D2F7C00D2F9F4 /* include */ = {isa = PBXFileReference; lastKnownFileType = folder; path = include; sourceTree = "<group>"; };
		0EBD689F219D2F7C00D2F9F4 /* INSTALL */ = {isa = PBXFileReference; lastKnownFileType = text; path = INSTALL; sourceTree = "<group>"; };
		0EBD68A0219D2F7C00D2F9F4 /* libshout.ckport */ = {isa = PBXFileReference; lastKnownFileType = text; path = libshout.ckport; sourceTree = "<group>"; };
		0EBD68A1219D2F7C00D2F9F4 /* m4 */ = {isa = PBXFileReference; lastKnownFileType = folder; path = m4; sourceTree = "<group>"; };
		0EBD68A2219D2F7C00D2F9F4 /* Makefile.am */ = {isa = PBXFileReference; lastKnownFileType = text; path = Makefile.am; sourceTree = "<group>"; };
		0EBD68A3219D2F7C00D2F9F4 /* NEWS */ = {isa = PBXFileReference; lastKnownFileType = text; path = NEWS; sourceTree = "<group>"; };
		0EBD68A4219D2F7C00D2F9F4 /* README */ = {isa = PBXFileReference; lastKnownFileType = text; path = README; sourceTree = "<group>"; };
		0EBD68A5219D2F7C00D2F9F4 /* shout.pc.in */ = {isa = PBXFileReference; lastKnownFileType = text; path = shout.pc.in; sourceTree = "<group>"; };
		0EBD68A6219D2F7C00D2F9F4 /* src */ = {isa = PBXFileReference; lastKnownFileType = folder; path = src; sourceTree = "<group>"; };
		0EBD68A7219D2F7C00D2F9F4 /* win32 */ = {isa = PBXFileReference; lastKnownFileType = folder; path = win32; sourceTree = "<group>"; };
/* End PBXFileReference section */

/* Begin PBXGroup section */
		0EBD6890219D2F7C00D2F9F4 = {
			isa = PBXGroup;
			children = (
				0EBD6896219D2F7C00D2F9F4 /* .gitignore */,
				0EBD6897219D2F7C00D2F9F4 /* .gitmodules */,
				0EBD6898219D2F7C00D2F9F4 /* autogen.sh */,
				0EBD6899219D2F7C00D2F9F4 /* configure.ac */,
				0EBD689A219D2F7C00D2F9F4 /* COPYING */,
				0EBD689B219D2F7C00D2F9F4 /* doc */,
				0EBD689C219D2F7C00D2F9F4 /* examples */,
				0EBD689D219D2F7C00D2F9F4 /* HACKING */,
				0EBD689E219D2F7C00D2F9F4 /* include */,
				0EBD689F219D2F7C00D2F9F4 /* INSTALL */,
				0EBD68A0219D2F7C00D2F9F4 /* libshout.ckport */,
				0EBD68A1219D2F7C00D2F9F4 /* m4 */,
				0EBD68A2219D2F7C00D2F9F4 /* Makefile.am */,
				0EBD68A3219D2F7C00D2F9F4 /* NEWS */,
				0EBD68A4219D2F7C00D2F9F4 /* README */,
				0EBD68A5219D2F7C00D2F9F4 /* shout.pc.in */,
				0EBD68A6219D2F7C00D2F9F4 /* src */,
				0EBD68A7219D2F7C00D2F9F4 /* win32 */,
			);
			sourceTree = "<group>";
		};
/* End PBXGroup section */

/* Begin PBXLegacyTarget section */
		0EBD6895219D2F7C00D2F9F4 /* Icecast-libshout-master */ = {
			isa = PBXLegacyTarget;
			buildArgumentsString = "$(ACTION)";
			buildConfigurationList = 0EBD68A8219D2F7C00D2F9F4 /* Build configuration list for PBXLegacyTarget "Icecast-libshout-master" */;
			buildPhases = (
			);
			buildToolPath = /usr/bin/make;
			buildWorkingDirectory = "/Volumes/Mercury/Users/dsward/Documents/ArkPhone_LLC_Projects/LocalRadio/LocalRadio/Icecast-libshout-master";
			dependencies = (
			);
			name = "Icecast-libshout-master";
			passBuildSettingsInEnvironment = 1;
			productName = "Icecast-libshout-master";
		};
/* End PBXLegacyTarget section */

/* Begin PBXProject section */
		0EBD6891219D2F7C00D2F9F4 /* Project object */ = {
			isa = PBXProject;
			attributes = {
			};
			buildConfigurationList = 0EBD6894219D2F7C00D2F9F4 /* Build configuration list for PBXProject "Icecast-libshout-master" */;
			compatibilityVersion = "Xcode 9.3";
			developmentRegion = en;
			hasScannedForEncodings = 0;
			knownRegions = (
				en,
			);
			mainGroup = 0EBD6890219D2F7C00D2F9F4;
			projectDirPath = "";
			projectRoot = "";
			targets = (
				0EBD6895219D2F7C00D2F9F4 /* Icecast-libshout-master */,
			);
		};
/* End PBXProject section */

/* Begin XCBuildConfiguration section */
		0EBD6892219D2F7C00D2F9F4 /* Debug */ = {
			isa = XCBuildConfiguration;
			buildSettings = {
				ARCHS = "$(ARCHS_STANDARD_32_BIT)";
				COPY_PHASE_STRIP = NO;
				GCC_WARN_ABOUT_RETURN_TYPE = YES;
				GCC_WARN_UNUSED_VARIABLE = YES;
				ONLY_ACTIVE_ARCH = YES;
				SDKROOT = macosx10.6;
			};
			name = Debug;
		};
		0EBD6893219D2F7C00D2F9F4 /* Release */ = {
			isa = XCBuildConfiguration;
			buildSettings = {
				ARCHS = "$(ARCHS_STANDARD_32_BIT)";
				COPY_PHASE_STRIP = YES;
				GCC_WARN_ABOUT_RETURN_TYPE = YES;
				GCC_WARN_UNUSED_VARIABLE = YES;
				SDKROOT = macosx10.6;
			};
			name = Release;
		};
		0EBD68A9219D2F7C00D2F9F4 /* Debug */ = {
			isa = XCBuildConfiguration;
			buildSettings = {
				ARCHS = "$(ARCHS_STANDARD_64_BIT)";
				COPY_PHASE_STRIP = NO;
				DEBUGGING_SYMBOLS = YES;
				GCC_DYNAMIC_NO_PIC = NO;
				GCC_ENABLE_FIX_AND_CONTINUE = YES;
				GCC_GENERATE_DEBUGGING_SYMBOLS = YES;
				GCC_OPTIMIZATION_LEVEL = 0;
				OTHER_CFLAGS = "";
				OTHER_LDFLAGS = "";
				PRODUCT_NAME = "Icecast-libshout-master";
				SDKROOT = macosx10.11;
			};
			name = Debug;
		};
		0EBD68AA219D2F7C00D2F9F4 /* Release */ = {
			isa = XCBuildConfiguration;
			buildSettings = {
				ARCHS = "$(ARCHS_STANDARD_64_BIT)";
				COPY_PHASE_STRIP = YES;
				DEBUG_INFORMATION_FORMAT = "dwarf-with-dsym";
				GCC_ENABLE_FIX_AND_CONTINUE = NO;
				OTHER_CFLAGS = "";
				OTHER_LDFLAGS = "";
				PRODUCT_NAME = "Icecast-libshout-master";
				SDKROOT = macosx10.11;
			};
			name = Release;
		};
/* End XCBuildConfiguration section */

/* Begin XCConfigurationList section */
		0EBD6894219D2F7C00D2F9F4 /* Build configuration list for PBXProject "Icecast-libshout-master" */ = {
			isa = XCConfigurationList;
			buildConfigurations = (
				0EBD6892219D2F7C00D2F9F4 /* Debug */,
				0EBD6893219D2F7C00D2F9F4 /* Release */,
			);
			defaultConfigurationIsVisible = 0;
			defaultConfigurationName = Release;
		};
		0EBD68A8219D2F7C00D2F9F4 /* Build configuration list for PBXLegacyTarget "Icecast-libshout-master" */ = {
			isa = XCConfigurationList;
			buildConfigurations = (
				0EBD68A9219D2F7C00D2F9F4 /* Debug */,
				0EBD68AA219D2F7C00D2F9F4 /* Release */,
			);
			defaultConfigurationIsVisible = 0;
			defaultConfigurationName = Release;
		};
/* End XCConfigurationList section */
	};
	rootObject = 0EBD6891219D2F7C00D2F9F4 /* Project object */;
}
